// !$*UTF8*$!
{
	archiveVersion = 1;
	classes = {
	};
	objectVersion = 55;
	objects = {

/* Begin PBXBuildFile section */
		0D07FB562981495300A01BA8 /* CrearEventoViewController.swift in Sources */ = {isa = PBXBuildFile; fileRef = 0D07FB552981495300A01BA8 /* CrearEventoViewController.swift */; };
		0D07FB582981498A00A01BA8 /* DataManager.swift in Sources */ = {isa = PBXBuildFile; fileRef = 0D07FB572981498A00A01BA8 /* DataManager.swift */; };
		0D07FB5A29814EF300A01BA8 /* Celda.swift in Sources */ = {isa = PBXBuildFile; fileRef = 0D07FB5929814EF300A01BA8 /* Celda.swift */; };
		0D10CD32297E93A400AB020C /* UsuarioManager.swift in Sources */ = {isa = PBXBuildFile; fileRef = 0D10CD31297E93A400AB020C /* UsuarioManager.swift */; };
		0D10CD34297E943900AB020C /* Usuario.swift in Sources */ = {isa = PBXBuildFile; fileRef = 0D10CD33297E943900AB020C /* Usuario.swift */; };
		0D120D0F2976C7150020C82F /* ListaViewController.swift in Sources */ = {isa = PBXBuildFile; fileRef = 0D120D0E2976C7150020C82F /* ListaViewController.swift */; };
		0D84CBBA297FDA8400FD74D7 /* ViewControllerMenu.swift in Sources */ = {isa = PBXBuildFile; fileRef = 0D84CBB9297FDA8400FD74D7 /* ViewControllerMenu.swift */; };
		0D84CBBC297FE9C600FD74D7 /* EventosManager.swift in Sources */ = {isa = PBXBuildFile; fileRef = 0D84CBBB297FE9C600FD74D7 /* EventosManager.swift */; };
		0D84CBBE297FEAD900FD74D7 /* Evento.swift in Sources */ = {isa = PBXBuildFile; fileRef = 0D84CBBD297FEAD900FD74D7 /* Evento.swift */; };
		0DA33F112970067F00FA580C /* AppDelegate.swift in Sources */ = {isa = PBXBuildFile; fileRef = 0DA33F102970067F00FA580C /* AppDelegate.swift */; };
		0DA33F132970067F00FA580C /* SceneDelegate.swift in Sources */ = {isa = PBXBuildFile; fileRef = 0DA33F122970067F00FA580C /* SceneDelegate.swift */; };
		0DA33F152970067F00FA580C /* ViewController.swift in Sources */ = {isa = PBXBuildFile; fileRef = 0DA33F142970067F00FA580C /* ViewController.swift */; };
		0DA33F182970067F00FA580C /* Main.storyboard in Resources */ = {isa = PBXBuildFile; fileRef = 0DA33F162970067F00FA580C /* Main.storyboard */; };
		0DA33F1A2970068000FA580C /* Assets.xcassets in Resources */ = {isa = PBXBuildFile; fileRef = 0DA33F192970068000FA580C /* Assets.xcassets */; };
		0DA33F1D2970068000FA580C /* LaunchScreen.storyboard in Resources */ = {isa = PBXBuildFile; fileRef = 0DA33F1B2970068000FA580C /* LaunchScreen.storyboard */; };
/* End PBXBuildFile section */

/* Begin PBXFileReference section */
		0D07FB552981495300A01BA8 /* CrearEventoViewController.swift */ = {isa = PBXFileReference; lastKnownFileType = sourcecode.swift; path = CrearEventoViewController.swift; sourceTree = "<group>"; };
		0D07FB572981498A00A01BA8 /* DataManager.swift */ = {isa = PBXFileReference; lastKnownFileType = sourcecode.swift; path = DataManager.swift; sourceTree = "<group>"; };
		0D07FB5929814EF300A01BA8 /* Celda.swift */ = {isa = PBXFileReference; lastKnownFileType = sourcecode.swift; path = Celda.swift; sourceTree = "<group>"; };
		0D10CD31297E93A400AB020C /* UsuarioManager.swift */ = {isa = PBXFileReference; lastKnownFileType = sourcecode.swift; path = UsuarioManager.swift; sourceTree = "<group>"; };
		0D10CD33297E943900AB020C /* Usuario.swift */ = {isa = PBXFileReference; lastKnownFileType = sourcecode.swift; path = Usuario.swift; sourceTree = "<group>"; };
		0D120D0E2976C7150020C82F /* ListaViewController.swift */ = {isa = PBXFileReference; lastKnownFileType = sourcecode.swift; path = ListaViewController.swift; sourceTree = "<group>"; };
		0D84CBB9297FDA8400FD74D7 /* ViewControllerMenu.swift */ = {isa = PBXFileReference; lastKnownFileType = sourcecode.swift; path = ViewControllerMenu.swift; sourceTree = "<group>"; };
		0D84CBBB297FE9C600FD74D7 /* EventosManager.swift */ = {isa = PBXFileReference; lastKnownFileType = sourcecode.swift; path = EventosManager.swift; sourceTree = "<group>"; };
		0D84CBBD297FEAD900FD74D7 /* Evento.swift */ = {isa = PBXFileReference; lastKnownFileType = sourcecode.swift; path = Evento.swift; sourceTree = "<group>"; };
		0DA33F0D2970067F00FA580C /* Agenda_GuillermoSanchez.app */ = {isa = PBXFileReference; explicitFileType = wrapper.application; includeInIndex = 0; path = Agenda_GuillermoSanchez.app; sourceTree = BUILT_PRODUCTS_DIR; };
		0DA33F102970067F00FA580C /* AppDelegate.swift */ = {isa = PBXFileReference; lastKnownFileType = sourcecode.swift; path = AppDelegate.swift; sourceTree = "<group>"; };
		0DA33F122970067F00FA580C /* SceneDelegate.swift */ = {isa = PBXFileReference; lastKnownFileType = sourcecode.swift; path = SceneDelegate.swift; sourceTree = "<group>"; };
		0DA33F142970067F00FA580C /* ViewController.swift */ = {isa = PBXFileReference; lastKnownFileType = sourcecode.swift; path = ViewController.swift; sourceTree = "<group>"; };
		0DA33F172970067F00FA580C /* Base */ = {isa = PBXFileReference; lastKnownFileType = file.storyboard; name = Base; path = Base.lproj/Main.storyboard; sourceTree = "<group>"; };
		0DA33F192970068000FA580C /* Assets.xcassets */ = {isa = PBXFileReference; lastKnownFileType = folder.assetcatalog; path = Assets.xcassets; sourceTree = "<group>"; };
		0DA33F1C2970068000FA580C /* Base */ = {isa = PBXFileReference; lastKnownFileType = file.storyboard; name = Base; path = Base.lproj/LaunchScreen.storyboard; sourceTree = "<group>"; };
		0DA33F1E2970068000FA580C /* Info.plist */ = {isa = PBXFileReference; lastKnownFileType = text.plist.xml; path = Info.plist; sourceTree = "<group>"; };
/* End PBXFileReference section */

/* Begin PBXFrameworksBuildPhase section */
		0DA33F0A2970067F00FA580C /* Frameworks */ = {
			isa = PBXFrameworksBuildPhase;
			buildActionMask = 2147483647;
			files = (
			);
			runOnlyForDeploymentPostprocessing = 0;
		};
/* End PBXFrameworksBuildPhase section */

/* Begin PBXGroup section */
		0DA33F042970067F00FA580C = {
			isa = PBXGroup;
			children = (
				0DA33F0F2970067F00FA580C /* Agenda_GuillermoSanchez */,
				0DA33F0E2970067F00FA580C /* Products */,
			);
			sourceTree = "<group>";
		};
		0DA33F0E2970067F00FA580C /* Products */ = {
			isa = PBXGroup;
			children = (
				0DA33F0D2970067F00FA580C /* Agenda_GuillermoSanchez.app */,
			);
			name = Products;
			sourceTree = "<group>";
		};
		0DA33F0F2970067F00FA580C /* Agenda_GuillermoSanchez */ = {
			isa = PBXGroup;
			children = (
				0DA33F102970067F00FA580C /* AppDelegate.swift */,
				0DA33F122970067F00FA580C /* SceneDelegate.swift */,
				0DA33F142970067F00FA580C /* ViewController.swift */,
				0D84CBB9297FDA8400FD74D7 /* ViewControllerMenu.swift */,
				0DA33F162970067F00FA580C /* Main.storyboard */,
				0DA33F192970068000FA580C /* Assets.xcassets */,
				0D07FB552981495300A01BA8 /* CrearEventoViewController.swift */,
				0D07FB572981498A00A01BA8 /* DataManager.swift */,
				0DA33F1B2970068000FA580C /* LaunchScreen.storyboard */,
				0DA33F1E2970068000FA580C /* Info.plist */,
				0D120D0E2976C7150020C82F /* ListaViewController.swift */,
				0D10CD31297E93A400AB020C /* UsuarioManager.swift */,
				0D10CD33297E943900AB020C /* Usuario.swift */,
				0D84CBBB297FE9C600FD74D7 /* EventosManager.swift */,
				0D84CBBD297FEAD900FD74D7 /* Evento.swift */,
				0D07FB5929814EF300A01BA8 /* Celda.swift */,
			);
			path = Agenda_GuillermoSanchez;
			sourceTree = "<group>";
		};
/* End PBXGroup section */

/* Begin PBXNativeTarget section */
		0DA33F0C2970067F00FA580C /* Agenda_GuillermoSanchez */ = {
			isa = PBXNativeTarget;
			buildConfigurationList = 0DA33F212970068000FA580C /* Build configuration list for PBXNativeTarget "Agenda_GuillermoSanchez" */;
			buildPhases = (
				0DA33F092970067F00FA580C /* Sources */,
				0DA33F0A2970067F00FA580C /* Frameworks */,
				0DA33F0B2970067F00FA580C /* Resources */,
			);
			buildRules = (
			);
			dependencies = (
			);
			name = Agenda_GuillermoSanchez;
			productName = Agenda_GuillermoSanchez;
			productReference = 0DA33F0D2970067F00FA580C /* Agenda_GuillermoSanchez.app */;
			productType = "com.apple.product-type.application";
		};
/* End PBXNativeTarget section */

/* Begin PBXProject section */
		0DA33F052970067F00FA580C /* Project object */ = {
			isa = PBXProject;
			attributes = {
				BuildIndependentTargetsInParallel = 1;
				LastSwiftUpdateCheck = 1340;
				LastUpgradeCheck = 1340;
				TargetAttributes = {
					0DA33F0C2970067F00FA580C = {
						CreatedOnToolsVersion = 13.4.1;
					};
				};
			};
			buildConfigurationList = 0DA33F082970067F00FA580C /* Build configuration list for PBXProject "Agenda_GuillermoSanchez" */;
			compatibilityVersion = "Xcode 13.0";
			developmentRegion = en;
			hasScannedForEncodings = 0;
			knownRegions = (
				en,
				Base,
			);
			mainGroup = 0DA33F042970067F00FA580C;
			productRefGroup = 0DA33F0E2970067F00FA580C /* Products */;
			projectDirPath = "";
			projectRoot = "";
			targets = (
				0DA33F0C2970067F00FA580C /* Agenda_GuillermoSanchez */,
			);
		};
/* End PBXProject section */

/* Begin PBXResourcesBuildPhase section */
		0DA33F0B2970067F00FA580C /* Resources */ = {
			isa = PBXResourcesBuildPhase;
			buildActionMask = 2147483647;
			files = (
				0DA33F1D2970068000FA580C /* LaunchScreen.storyboard in Resources */,
				0DA33F1A2970068000FA580C /* Assets.xcassets in Resources */,
				0DA33F182970067F00FA580C /* Main.storyboard in Resources */,
			);
			runOnlyForDeploymentPostprocessing = 0;
		};
/* End PBXResourcesBuildPhase section */

/* Begin PBXSourcesBuildPhase section */
		0DA33F092970067F00FA580C /* Sources */ = {
			isa = PBXSourcesBuildPhase;
			buildActionMask = 2147483647;
			files = (
				0D84CBBA297FDA8400FD74D7 /* ViewControllerMenu.swift in Sources */,
				0D120D0F2976C7150020C82F /* ListaViewController.swift in Sources */,
				0DA33F152970067F00FA580C /* ViewController.swift in Sources */,
				0D07FB5A29814EF300A01BA8 /* Celda.swift in Sources */,
				0D10CD34297E943900AB020C /* Usuario.swift in Sources */,
				0DA33F112970067F00FA580C /* AppDelegate.swift in Sources */,
				0D07FB562981495300A01BA8 /* CrearEventoViewController.swift in Sources */,
				0DA33F132970067F00FA580C /* SceneDelegate.swift in Sources */,
				0D84CBBE297FEAD900FD74D7 /* Evento.swift in Sources */,
				0D07FB582981498A00A01BA8 /* DataManager.swift in Sources */,
				0D84CBBC297FE9C600FD74D7 /* EventosManager.swift in Sources */,
				0D10CD32297E93A400AB020C /* UsuarioManager.swift in Sources */,
			);
			runOnlyForDeploymentPostprocessing = 0;
		};
/* End PBXSourcesBuildPhase section */

/* Begin PBXVariantGroup section */
		0DA33F162970067F00FA580C /* Main.storyboard */ = {
			isa = PBXVariantGroup;
			children = (
				0DA33F172970067F00FA580C /* Base */,
			);
			name = Main.storyboard;
			sourceTree = "<group>";
		};
		0DA33F1B2970068000FA580C /* LaunchScreen.storyboard */ = {
			isa = PBXVariantGroup;
			children = (
				0DA33F1C2970068000FA580C /* Base */,
			);
			name = LaunchScreen.storyboard;
			sourceTree = "<group>";
		};
/* End PBXVariantGroup section */

/* Begin XCBuildConfiguration section */
		0DA33F1F2970068000FA580C /* Debug */ = {
			isa = XCBuildConfiguration;
			buildSettings = {
				ALWAYS_SEARCH_USER_PATHS = NO;
				CLANG_ANALYZER_NONNULL = YES;
				CLANG_ANALYZER_NUMBER_OBJECT_CONVERSION = YES_AGGRESSIVE;
				CLANG_CXX_LANGUAGE_STANDARD = "gnu++17";
				CLANG_ENABLE_MODULES = YES;
				CLANG_ENABLE_OBJC_ARC = YES;
				CLANG_ENABLE_OBJC_WEAK = YES;
				CLANG_WARN_BLOCK_CAPTURE_AUTORELEASING = YES;
				CLANG_WARN_BOOL_CONVERSION = YES;
				CLANG_WARN_COMMA = YES;
				CLANG_WARN_CONSTANT_CONVERSION = YES;
				CLANG_WARN_DEPRECATED_OBJC_IMPLEMENTATIONS = YES;
				CLANG_WARN_DIRECT_OBJC_ISA_USAGE = YES_ERROR;
				CLANG_WARN_DOCUMENTATION_COMMENTS = YES;
				CLANG_WARN_EMPTY_BODY = YES;
				CLANG_WARN_ENUM_CONVERSION = YES;
				CLANG_WARN_INFINITE_RECURSION = YES;
				CLANG_WARN_INT_CONVERSION = YES;
				CLANG_WARN_NON_LITERAL_NULL_CONVERSION = YES;
				CLANG_WARN_OBJC_IMPLICIT_RETAIN_SELF = YES;
				CLANG_WARN_OBJC_LITERAL_CONVERSION = YES;
				CLANG_WARN_OBJC_ROOT_CLASS = YES_ERROR;
				CLANG_WARN_QUOTED_INCLUDE_IN_FRAMEWORK_HEADER = YES;
				CLANG_WARN_RANGE_LOOP_ANALYSIS = YES;
				CLANG_WARN_STRICT_PROTOTYPES = YES;
				CLANG_WARN_SUSPICIOUS_MOVE = YES;
				CLANG_WARN_UNGUARDED_AVAILABILITY = YES_AGGRESSIVE;
				CLANG_WARN_UNREACHABLE_CODE = YES;
				CLANG_WARN__DUPLICATE_METHOD_MATCH = YES;
				COPY_PHASE_STRIP = NO;
				DEBUG_INFORMATION_FORMAT = dwarf;
				ENABLE_STRICT_OBJC_MSGSEND = YES;
				ENABLE_TESTABILITY = YES;
				GCC_C_LANGUAGE_STANDARD = gnu11;
				GCC_DYNAMIC_NO_PIC = NO;
				GCC_NO_COMMON_BLOCKS = YES;
				GCC_OPTIMIZATION_LEVEL = 0;
				GCC_PREPROCESSOR_DEFINITIONS = (
					"DEBUG=1",
					"$(inherited)",
				);
				GCC_WARN_64_TO_32_BIT_CONVERSION = YES;
				GCC_WARN_ABOUT_RETURN_TYPE = YES_ERROR;
				GCC_WARN_UNDECLARED_SELECTOR = YES;
				GCC_WARN_UNINITIALIZED_AUTOS = YES_AGGRESSIVE;
				GCC_WARN_UNUSED_FUNCTION = YES;
				GCC_WARN_UNUSED_VARIABLE = YES;
				IPHONEOS_DEPLOYMENT_TARGET = 15.5;
				MTL_ENABLE_DEBUG_INFO = INCLUDE_SOURCE;
				MTL_FAST_MATH = YES;
				ONLY_ACTIVE_ARCH = YES;
				SDKROOT = iphoneos;
				SWIFT_ACTIVE_COMPILATION_CONDITIONS = DEBUG;
				SWIFT_OPTIMIZATION_LEVEL = "-Onone";
			};
			name = Debug;
		};
		0DA33F202970068000FA580C /* Release */ = {
			isa = XCBuildConfiguration;
			buildSettings = {
				ALWAYS_SEARCH_USER_PATHS = NO;
				CLANG_ANALYZER_NONNULL = YES;
				CLANG_ANALYZER_NUMBER_OBJECT_CONVERSION = YES_AGGRESSIVE;
				CLANG_CXX_LANGUAGE_STANDARD = "gnu++17";
				CLANG_ENABLE_MODULES = YES;
				CLANG_ENABLE_OBJC_ARC = YES;
				CLANG_ENABLE_OBJC_WEAK = YES;
				CLANG_WARN_BLOCK_CAPTURE_AUTORELEASING = YES;
				CLANG_WARN_BOOL_CONVERSION = YES;
				CLANG_WARN_COMMA = YES;
				CLANG_WARN_CONSTANT_CONVERSION = YES;
				CLANG_WARN_DEPRECATED_OBJC_IMPLEMENTATIONS = YES;
				CLANG_WARN_DIRECT_OBJC_ISA_USAGE = YES_ERROR;
				CLANG_WARN_DOCUMENTATION_COMMENTS = YES;
				CLANG_WARN_EMPTY_BODY = YES;
				CLANG_WARN_ENUM_CONVERSION = YES;
				CLANG_WARN_INFINITE_RECURSION = YES;
				CLANG_WARN_INT_CONVERSION = YES;
				CLANG_WARN_NON_LITERAL_NULL_CONVERSION = YES;
				CLANG_WARN_OBJC_IMPLICIT_RETAIN_SELF = YES;
				CLANG_WARN_OBJC_LITERAL_CONVERSION = YES;
				CLANG_WARN_OBJC_ROOT_CLASS = YES_ERROR;
				CLANG_WARN_QUOTED_INCLUDE_IN_FRAMEWORK_HEADER = YES;
				CLANG_WARN_RANGE_LOOP_ANALYSIS = YES;
				CLANG_WARN_STRICT_PROTOTYPES = YES;
				CLANG_WARN_SUSPICIOUS_MOVE = YES;
				CLANG_WARN_UNGUARDED_AVAILABILITY = YES_AGGRESSIVE;
				CLANG_WARN_UNREACHABLE_CODE = YES;
				CLANG_WARN__DUPLICATE_METHOD_MATCH = YES;
				COPY_PHASE_STRIP = NO;
				DEBUG_INFORMATION_FORMAT = "dwarf-with-dsym";
				ENABLE_NS_ASSERTIONS = NO;
				ENABLE_STRICT_OBJC_MSGSEND = YES;
				GCC_C_LANGUAGE_STANDARD = gnu11;
				GCC_NO_COMMON_BLOCKS = YES;
				GCC_WARN_64_TO_32_BIT_CONVERSION = YES;
				GCC_WARN_ABOUT_RETURN_TYPE = YES_ERROR;
				GCC_WARN_UNDECLARED_SELECTOR = YES;
				GCC_WARN_UNINITIALIZED_AUTOS = YES_AGGRESSIVE;
				GCC_WARN_UNUSED_FUNCTION = YES;
				GCC_WARN_UNUSED_VARIABLE = YES;
				IPHONEOS_DEPLOYMENT_TARGET = 15.5;
				MTL_ENABLE_DEBUG_INFO = NO;
				MTL_FAST_MATH = YES;
				SDKROOT = iphoneos;
				SWIFT_COMPILATION_MODE = wholemodule;
				SWIFT_OPTIMIZATION_LEVEL = "-O";
				VALIDATE_PRODUCT = YES;
			};
			name = Release;
		};
		0DA33F222970068000FA580C /* Debug */ = {
			isa = XCBuildConfiguration;
			buildSettings = {
				ASSETCATALOG_COMPILER_APPICON_NAME = AppIcon;
				ASSETCATALOG_COMPILER_GLOBAL_ACCENT_COLOR_NAME = AccentColor;
				CODE_SIGN_STYLE = Automatic;
				CURRENT_PROJECT_VERSION = 1;
				GENERATE_INFOPLIST_FILE = YES;
				INFOPLIST_FILE = Agenda_GuillermoSanchez/Info.plist;
				INFOPLIST_KEY_UIApplicationSupportsIndirectInputEvents = YES;
				INFOPLIST_KEY_UILaunchStoryboardName = LaunchScreen;
				INFOPLIST_KEY_UIMainStoryboardFile = Main;
				INFOPLIST_KEY_UISupportedInterfaceOrientations_iPad = "UIInterfaceOrientationPortrait UIInterfaceOrientationPortraitUpsideDown UIInterfaceOrientationLandscapeLeft UIInterfaceOrientationLandscapeRight";
				INFOPLIST_KEY_UISupportedInterfaceOrientations_iPhone = "UIInterfaceOrientationPortrait UIInterfaceOrientationLandscapeLeft UIInterfaceOrientationLandscapeRight";
				LD_RUNPATH_SEARCH_PATHS = (
					"$(inherited)",
					"@executable_path/Frameworks",
				);
				MARKETING_VERSION = 1.0;
				PRODUCT_BUNDLE_IDENTIFIER = "cvcvnn.Agenda-GuillermoSanchez";
				PRODUCT_NAME = "$(TARGET_NAME)";
				SWIFT_EMIT_LOC_STRINGS = YES;
				SWIFT_VERSION = 5.0;
				TARGETED_DEVICE_FAMILY = "1,2";
			};
			name = Debug;
		};
		0DA33F232970068000FA580C /* Release */ = {
			isa = XCBuildConfiguration;
			buildSettings = {
				ASSETCATALOG_COMPILER_APPICON_NAME = AppIcon;
				ASSETCATALOG_COMPILER_GLOBAL_ACCENT_COLOR_NAME = AccentColor;
				CODE_SIGN_STYLE = Automatic;
				CURRENT_PROJECT_VERSION = 1;
				GENERATE_INFOPLIST_FILE = YES;
				INFOPLIST_FILE = Agenda_GuillermoSanchez/Info.plist;
				INFOPLIST_KEY_UIApplicationSupportsIndirectInputEvents = YES;
				INFOPLIST_KEY_UILaunchStoryboardName = LaunchScreen;
				INFOPLIST_KEY_UIMainStoryboardFile = Main;
				INFOPLIST_KEY_UISupportedInterfaceOrientations_iPad = "UIInterfaceOrientationPortrait UIInterfaceOrientationPortraitUpsideDown UIInterfaceOrientationLandscapeLeft UIInterfaceOrientationLandscapeRight";
				INFOPLIST_KEY_UISupportedInterfaceOrientations_iPhone = "UIInterfaceOrientationPortrait UIInterfaceOrientationLandscapeLeft UIInterfaceOrientationLandscapeRight";
				LD_RUNPATH_SEARCH_PATHS = (
					"$(inherited)",
					"@executable_path/Frameworks",
				);
				MARKETING_VERSION = 1.0;
				PRODUCT_BUNDLE_IDENTIFIER = "cvcvnn.Agenda-GuillermoSanchez";
				PRODUCT_NAME = "$(TARGET_NAME)";
				SWIFT_EMIT_LOC_STRINGS = YES;
				SWIFT_VERSION = 5.0;
				TARGETED_DEVICE_FAMILY = "1,2";
			};
			name = Release;
		};
/* End XCBuildConfiguration section */

/* Begin XCConfigurationList section */
		0DA33F082970067F00FA580C /* Build configuration list for PBXProject "Agenda_GuillermoSanchez" */ = {
			isa = XCConfigurationList;
			buildConfigurations = (
				0DA33F1F2970068000FA580C /* Debug */,
				0DA33F202970068000FA580C /* Release */,
			);
			defaultConfigurationIsVisible = 0;
			defaultConfigurationName = Release;
		};
		0DA33F212970068000FA580C /* Build configuration list for PBXNativeTarget "Agenda_GuillermoSanchez" */ = {
			isa = XCConfigurationList;
			buildConfigurations = (
				0DA33F222970068000FA580C /* Debug */,
				0DA33F232970068000FA580C /* Release */,
			);
			defaultConfigurationIsVisible = 0;
			defaultConfigurationName = Release;
		};
/* End XCConfigurationList section */
	};
	rootObject = 0DA33F052970067F00FA580C /* Project object */;
}
